
Microsoft Visual Studio Solution File, Format Version 12.00
# Visual Studio Version 16
VisualStudioVersion = 16.0.30204.135
MinimumVisualStudioVersion = 10.0.40219.1
Project("{2150E333-8FDC-42A3-9474-1A3956D46DE8}") = "src", "src", "{6C3C4511-DCE4-4F1C-A9BE-358822A9813B}"
EndProject
Project("{2150E333-8FDC-42A3-9474-1A3956D46DE8}") = "Building Blocks", "Building Blocks", "{4C642FAC-EDB5-43C2-BAAD-A34626D4B30A}"
EndProject
Project("{2150E333-8FDC-42A3-9474-1A3956D46DE8}") = "Services", "Services", "{B1C27D37-3198-4422-B77B-C8BBF69ED266}"
EndProject
Project("{2150E333-8FDC-42A3-9474-1A3956D46DE8}") = "Web", "Web", "{D6ECBC88-8109-46AD-BB0F-4784D71A357B}"
EndProject
Project("{2150E333-8FDC-42A3-9474-1A3956D46DE8}") = "Identity", "Identity", "{96A772C5-C3D5-4C8D-B243-EE1B1D889795}"
EndProject
Project("{9A19103F-16F7-4668-BE54-9A1E7A4F7556}") = "VS.Identity.Api", "src\services\VS.Identity.Api\VS.Identity.Api.csproj", "{1642A599-6A7B-4C24-976B-CC2BE9AE11DD}"
EndProject
Project("{2150E333-8FDC-42A3-9474-1A3956D46DE8}") = "MVC", "MVC", "{E55A8181-E174-4AFF-9D2C-8EEC3607F533}"
EndProject
Project("{9A19103F-16F7-4668-BE54-9A1E7A4F7556}") = "VS.WebApp.MVC", "src\web\VS.WebApp.MVC\VS.WebApp.MVC.csproj", "{6571A22B-9AC0-4994-BFD5-1C83076AFC84}"
EndProject
Project("{2150E333-8FDC-42A3-9474-1A3956D46DE8}") = "Core", "Core", "{67B389F7-8591-4CA8-AE61-8A1C1C7292CB}"
EndProject
Project("{9A19103F-16F7-4668-BE54-9A1E7A4F7556}") = "VS.Core", "src\building blocks\VS.Core\VS.Core.csproj", "{D54FFDCD-41A6-462A-86F5-AE9E41D78F9C}"
EndProject
Project("{2150E333-8FDC-42A3-9474-1A3956D46DE8}") = "Cart", "Cart", "{4A9824D4-2BF5-4163-A666-3AE6CBE86ECE}"
EndProject
Project("{2150E333-8FDC-42A3-9474-1A3956D46DE8}") = "Customer", "Customer", "{341EEF5D-3A35-48CD-991C-83F2966C529F}"
EndProject
Project("{2150E333-8FDC-42A3-9474-1A3956D46DE8}") = "Catalog", "Catalog", "{533EAC6F-4935-4B40-BD81-5DBCE811F25F}"
EndProject
Project("{2150E333-8FDC-42A3-9474-1A3956D46DE8}") = "Payment", "Payment", "{28F24E88-C4E2-4C49-B3DB-28C92A0BA4C5}"
EndProject
Project("{2150E333-8FDC-42A3-9474-1A3956D46DE8}") = "Order", "Order", "{0C72F320-32CC-4BED-A392-476402DB5DEE}"
EndProject
Project("{9A19103F-16F7-4668-BE54-9A1E7A4F7556}") = "VS.Cart", "src\services\VS.Cart\VS.Cart.csproj", "{777809AC-B97E-4C99-8012-F179F15B3698}"
EndProject
Project("{9A19103F-16F7-4668-BE54-9A1E7A4F7556}") = "VS.Catalog.Api", "src\services\VS.Catalog.Api\VS.Catalog.Api.csproj", "{7882AC6A-01BD-426C-92DA-AAB0DE1840C5}"
EndProject
Project("{9A19103F-16F7-4668-BE54-9A1E7A4F7556}") = "VS.Customer", "src\services\VS.Customer\VS.Customer.csproj", "{198A2D61-7A6A-4A28-B7D4-21955F049B7A}"
EndProject
Project("{9A19103F-16F7-4668-BE54-9A1E7A4F7556}") = "VS.Order", "src\services\VS.Order\VS.Order.csproj", "{FAF76107-DEFF-456B-9DC9-63EFD9FA2D3D}"
EndProject
Project("{9A19103F-16F7-4668-BE54-9A1E7A4F7556}") = "VS.Payment", "src\services\VS.Payment\VS.Payment.csproj", "{245445BD-BD82-4B1A-B948-D6044502E12C}"
EndProject
Project("{2150E333-8FDC-42A3-9474-1A3956D46DE8}") = "Services", "Services", "{A332AC6F-CA2A-48BA-B100-F311CA476710}"
EndProject
Project("{FAE04EC0-301F-11D3-BF4B-00C04F79EFBC}") = "VS.WebApi.Core", "src\building blocks\VS.WebApi.Core\VS.WebApi.Core.csproj", "{500BAD7D-63E3-4C5B-9520-DA333B5E33F4}"
EndProject
Global
	GlobalSection(SolutionConfigurationPlatforms) = preSolution
		Debug|Any CPU = Debug|Any CPU
		Release|Any CPU = Release|Any CPU
	EndGlobalSection
	GlobalSection(ProjectConfigurationPlatforms) = postSolution
		{1642A599-6A7B-4C24-976B-CC2BE9AE11DD}.Debug|Any CPU.ActiveCfg = Debug|Any CPU
		{1642A599-6A7B-4C24-976B-CC2BE9AE11DD}.Debug|Any CPU.Build.0 = Debug|Any CPU
		{1642A599-6A7B-4C24-976B-CC2BE9AE11DD}.Release|Any CPU.ActiveCfg = Release|Any CPU
		{1642A599-6A7B-4C24-976B-CC2BE9AE11DD}.Release|Any CPU.Build.0 = Release|Any CPU
		{6571A22B-9AC0-4994-BFD5-1C83076AFC84}.Debug|Any CPU.ActiveCfg = Debug|Any CPU
		{6571A22B-9AC0-4994-BFD5-1C83076AFC84}.Debug|Any CPU.Build.0 = Debug|Any CPU
		{6571A22B-9AC0-4994-BFD5-1C83076AFC84}.Release|Any CPU.ActiveCfg = Release|Any CPU
		{6571A22B-9AC0-4994-BFD5-1C83076AFC84}.Release|Any CPU.Build.0 = Release|Any CPU
		{D54FFDCD-41A6-462A-86F5-AE9E41D78F9C}.Debug|Any CPU.ActiveCfg = Debug|Any CPU
		{D54FFDCD-41A6-462A-86F5-AE9E41D78F9C}.Debug|Any CPU.Build.0 = Debug|Any CPU
		{D54FFDCD-41A6-462A-86F5-AE9E41D78F9C}.Release|Any CPU.ActiveCfg = Release|Any CPU
		{D54FFDCD-41A6-462A-86F5-AE9E41D78F9C}.Release|Any CPU.Build.0 = Release|Any CPU
		{777809AC-B97E-4C99-8012-F179F15B3698}.Debug|Any CPU.ActiveCfg = Debug|Any CPU
		{777809AC-B97E-4C99-8012-F179F15B3698}.Debug|Any CPU.Build.0 = Debug|Any CPU
		{777809AC-B97E-4C99-8012-F179F15B3698}.Release|Any CPU.ActiveCfg = Release|Any CPU
		{777809AC-B97E-4C99-8012-F179F15B3698}.Release|Any CPU.Build.0 = Release|Any CPU
		{7882AC6A-01BD-426C-92DA-AAB0DE1840C5}.Debug|Any CPU.ActiveCfg = Debug|Any CPU
		{7882AC6A-01BD-426C-92DA-AAB0DE1840C5}.Debug|Any CPU.Build.0 = Debug|Any CPU
		{7882AC6A-01BD-426C-92DA-AAB0DE1840C5}.Release|Any CPU.ActiveCfg = Release|Any CPU
		{7882AC6A-01BD-426C-92DA-AAB0DE1840C5}.Release|Any CPU.Build.0 = Release|Any CPU
		{198A2D61-7A6A-4A28-B7D4-21955F049B7A}.Debug|Any CPU.ActiveCfg = Debug|Any CPU
		{198A2D61-7A6A-4A28-B7D4-21955F049B7A}.Debug|Any CPU.Build.0 = Debug|Any CPU
		{198A2D61-7A6A-4A28-B7D4-21955F049B7A}.Release|Any CPU.ActiveCfg = Release|Any CPU
		{198A2D61-7A6A-4A28-B7D4-21955F049B7A}.Release|Any CPU.Build.0 = Release|Any CPU
		{FAF76107-DEFF-456B-9DC9-63EFD9FA2D3D}.Debug|Any CPU.ActiveCfg = Debug|Any CPU
		{FAF76107-DEFF-456B-9DC9-63EFD9FA2D3D}.Debug|Any CPU.Build.0 = Debug|Any CPU
		{FAF76107-DEFF-456B-9DC9-63EFD9FA2D3D}.Release|Any CPU.ActiveCfg = Release|Any CPU
		{FAF76107-DEFF-456B-9DC9-63EFD9FA2D3D}.Release|Any CPU.Build.0 = Release|Any CPU
		{245445BD-BD82-4B1A-B948-D6044502E12C}.Debug|Any CPU.ActiveCfg = Debug|Any CPU
		{245445BD-BD82-4B1A-B948-D6044502E12C}.Debug|Any CPU.Build.0 = Debug|Any CPU
		{245445BD-BD82-4B1A-B948-D6044502E12C}.Release|Any CPU.ActiveCfg = Release|Any CPU
		{245445BD-BD82-4B1A-B948-D6044502E12C}.Release|Any CPU.Build.0 = Release|Any CPU
		{500BAD7D-63E3-4C5B-9520-DA333B5E33F4}.Debug|Any CPU.ActiveCfg = Debug|Any CPU
		{500BAD7D-63E3-4C5B-9520-DA333B5E33F4}.Debug|Any CPU.Build.0 = Debug|Any CPU
		{500BAD7D-63E3-4C5B-9520-DA333B5E33F4}.Release|Any CPU.ActiveCfg = Release|Any CPU
		{500BAD7D-63E3-4C5B-9520-DA333B5E33F4}.Release|Any CPU.Build.0 = Release|Any CPU
	EndGlobalSection
	GlobalSection(SolutionProperties) = preSolution
		HideSolutionNode = FALSE
	EndGlobalSection
	GlobalSection(NestedProjects) = preSolution
		{4C642FAC-EDB5-43C2-BAAD-A34626D4B30A} = {6C3C4511-DCE4-4F1C-A9BE-358822A9813B}
		{B1C27D37-3198-4422-B77B-C8BBF69ED266} = {6C3C4511-DCE4-4F1C-A9BE-358822A9813B}
		{D6ECBC88-8109-46AD-BB0F-4784D71A357B} = {6C3C4511-DCE4-4F1C-A9BE-358822A9813B}
		{96A772C5-C3D5-4C8D-B243-EE1B1D889795} = {B1C27D37-3198-4422-B77B-C8BBF69ED266}
		{1642A599-6A7B-4C24-976B-CC2BE9AE11DD} = {96A772C5-C3D5-4C8D-B243-EE1B1D889795}
		{E55A8181-E174-4AFF-9D2C-8EEC3607F533} = {D6ECBC88-8109-46AD-BB0F-4784D71A357B}
		{6571A22B-9AC0-4994-BFD5-1C83076AFC84} = {E55A8181-E174-4AFF-9D2C-8EEC3607F533}
		{67B389F7-8591-4CA8-AE61-8A1C1C7292CB} = {4C642FAC-EDB5-43C2-BAAD-A34626D4B30A}
		{D54FFDCD-41A6-462A-86F5-AE9E41D78F9C} = {67B389F7-8591-4CA8-AE61-8A1C1C7292CB}
		{4A9824D4-2BF5-4163-A666-3AE6CBE86ECE} = {B1C27D37-3198-4422-B77B-C8BBF69ED266}
		{341EEF5D-3A35-48CD-991C-83F2966C529F} = {B1C27D37-3198-4422-B77B-C8BBF69ED266}
		{533EAC6F-4935-4B40-BD81-5DBCE811F25F} = {B1C27D37-3198-4422-B77B-C8BBF69ED266}
		{28F24E88-C4E2-4C49-B3DB-28C92A0BA4C5} = {B1C27D37-3198-4422-B77B-C8BBF69ED266}
		{0C72F320-32CC-4BED-A392-476402DB5DEE} = {B1C27D37-3198-4422-B77B-C8BBF69ED266}
		{777809AC-B97E-4C99-8012-F179F15B3698} = {4A9824D4-2BF5-4163-A666-3AE6CBE86ECE}
		{7882AC6A-01BD-426C-92DA-AAB0DE1840C5} = {533EAC6F-4935-4B40-BD81-5DBCE811F25F}
		{198A2D61-7A6A-4A28-B7D4-21955F049B7A} = {341EEF5D-3A35-48CD-991C-83F2966C529F}
		{FAF76107-DEFF-456B-9DC9-63EFD9FA2D3D} = {0C72F320-32CC-4BED-A392-476402DB5DEE}
		{245445BD-BD82-4B1A-B948-D6044502E12C} = {28F24E88-C4E2-4C49-B3DB-28C92A0BA4C5}
		{A332AC6F-CA2A-48BA-B100-F311CA476710} = {4C642FAC-EDB5-43C2-BAAD-A34626D4B30A}
		{500BAD7D-63E3-4C5B-9520-DA333B5E33F4} = {A332AC6F-CA2A-48BA-B100-F311CA476710}
	EndGlobalSection
	GlobalSection(ExtensibilityGlobals) = postSolution
		SolutionGuid = {D824C814-4756-4B70-83D5-1FA0C25A9D26}
	EndGlobalSection
EndGlobal
